// !$*UTF8*$!
{
	archiveVersion = 1;
	classes = {
	};
	objectVersion = 77;
	objects = {

/* Begin PBXBuildFile section */
		3FADA5C82DDED24F003A0900 /* FirebaseAnalytics in Frameworks */ = {isa = PBXBuildFile; productRef = 3FADA5C72DDED24F003A0900 /* FirebaseAnalytics */; };
		3FADA5CA2DDED24F003A0900 /* FirebaseAppCheck in Frameworks */ = {isa = PBXBuildFile; productRef = 3FADA5C92DDED24F003A0900 /* FirebaseAppCheck */; };
		3FADA5CC2DDED24F003A0900 /* FirebaseAppDistribution-Beta in Frameworks */ = {isa = PBXBuildFile; productRef = 3FADA5CB2DDED24F003A0900 /* FirebaseAppDistribution-Beta */; };
		3FADA5CE2DDED24F003A0900 /* FirebaseAuth in Frameworks */ = {isa = PBXBuildFile; productRef = 3FADA5CD2DDED24F003A0900 /* FirebaseAuth */; };
		3FADA5D02DDED24F003A0900 /* FirebaseCore in Frameworks */ = {isa = PBXBuildFile; productRef = 3FADA5CF2DDED24F003A0900 /* FirebaseCore */; };
		3FADA5D22DDED24F003A0900 /* FirebaseCrashlytics in Frameworks */ = {isa = PBXBuildFile; productRef = 3FADA5D12DDED24F003A0900 /* FirebaseCrashlytics */; };
		3FADA5D42DDED24F003A0900 /* FirebaseDatabase in Frameworks */ = {isa = PBXBuildFile; productRef = 3FADA5D32DDED24F003A0900 /* FirebaseDatabase */; };
		3FADA5D62DDED24F003A0900 /* FirebaseDynamicLinks in Frameworks */ = {isa = PBXBuildFile; productRef = 3FADA5D52DDED24F003A0900 /* FirebaseDynamicLinks */; };
		3FADA5D82DDED24F003A0900 /* FirebaseFunctions in Frameworks */ = {isa = PBXBuildFile; productRef = 3FADA5D72DDED24F003A0900 /* FirebaseFunctions */; };
		3FADA5DA2DDED24F003A0900 /* FirebaseInstallations in Frameworks */ = {isa = PBXBuildFile; productRef = 3FADA5D92DDED24F003A0900 /* FirebaseInstallations */; };
		3FD57FF52DF16F7500D26488 /* SpareTrousersWatch Watch App.app in Embed Watch Content */ = {isa = PBXBuildFile; fileRef = 3FB3F9A72DF1654B00DFDEC9 /* SpareTrousersWatch Watch App.app */; settings = {ATTRIBUTES = (RemoveHeadersOnCopy, ); }; };
		3FD57FF92DF16FC900D26488 /* FirebaseAuth in Frameworks */ = {isa = PBXBuildFile; productRef = 3FD57FF82DF16FC900D26488 /* FirebaseAuth */; };
		3FD57FFB2DF16FC900D26488 /* FirebaseCore in Frameworks */ = {isa = PBXBuildFile; productRef = 3FD57FFA2DF16FC900D26488 /* FirebaseCore */; };
		3FD57FFD2DF16FC900D26488 /* FirebaseDatabase in Frameworks */ = {isa = PBXBuildFile; productRef = 3FD57FFC2DF16FC900D26488 /* FirebaseDatabase */; };
/* End PBXBuildFile section */

/* Begin PBXContainerItemProxy section */
		3FCF855A2DDEC38400695E6B /* PBXContainerItemProxy */ = {
			isa = PBXContainerItemProxy;
			containerPortal = 3FCF85412DDEC38200695E6B /* Project object */;
			proxyType = 1;
			remoteGlobalIDString = 3FCF85482DDEC38200695E6B;
			remoteInfo = SpareTrousers;
		};
		3FCF85642DDEC38400695E6B /* PBXContainerItemProxy */ = {
			isa = PBXContainerItemProxy;
			containerPortal = 3FCF85412DDEC38200695E6B /* Project object */;
			proxyType = 1;
			remoteGlobalIDString = 3FCF85482DDEC38200695E6B;
			remoteInfo = SpareTrousers;
		};
		3FD57FF62DF16F7500D26488 /* PBXContainerItemProxy */ = {
			isa = PBXContainerItemProxy;
			containerPortal = 3FCF85412DDEC38200695E6B /* Project object */;
			proxyType = 1;
			remoteGlobalIDString = 3FB3F9A62DF1654B00DFDEC9;
			remoteInfo = "SpareTrousersWatch Watch App";
		};
/* End PBXContainerItemProxy section */

/* Begin PBXCopyFilesBuildPhase section */
		3FB3F9892DF1634700DFDEC9 /* Embed Watch Content */ = {
			isa = PBXCopyFilesBuildPhase;
			buildActionMask = 2147483647;
			dstPath = "$(CONTENTS_FOLDER_PATH)/Watch";
			dstSubfolderSpec = 16;
			files = (
				3FD57FF52DF16F7500D26488 /* SpareTrousersWatch Watch App.app in Embed Watch Content */,
			);
			name = "Embed Watch Content";
			runOnlyForDeploymentPostprocessing = 0;
		};
/* End PBXCopyFilesBuildPhase section */

/* Begin PBXFileReference section */
		3FB3F9652DF162CC00DFDEC9 /* SpareTrousersMac.app */ = {isa = PBXFileReference; explicitFileType = wrapper.application; includeInIndex = 0; path = SpareTrousersMac.app; sourceTree = BUILT_PRODUCTS_DIR; };
		3FB3F9A72DF1654B00DFDEC9 /* SpareTrousersWatch Watch App.app */ = {isa = PBXFileReference; explicitFileType = wrapper.application; includeInIndex = 0; path = "SpareTrousersWatch Watch App.app"; sourceTree = BUILT_PRODUCTS_DIR; };
		3FCF85492DDEC38200695E6B /* SpareTrousers.app */ = {isa = PBXFileReference; explicitFileType = wrapper.application; includeInIndex = 0; path = SpareTrousers.app; sourceTree = BUILT_PRODUCTS_DIR; };
		3FCF85592DDEC38400695E6B /* SpareTrousersTests.xctest */ = {isa = PBXFileReference; explicitFileType = wrapper.cfbundle; includeInIndex = 0; path = SpareTrousersTests.xctest; sourceTree = BUILT_PRODUCTS_DIR; };
		3FCF85632DDEC38400695E6B /* SpareTrousersUITests.xctest */ = {isa = PBXFileReference; explicitFileType = wrapper.cfbundle; includeInIndex = 0; path = SpareTrousersUITests.xctest; sourceTree = BUILT_PRODUCTS_DIR; };
/* End PBXFileReference section */

/* Begin PBXFileSystemSynchronizedBuildFileExceptionSet section */
		3FA3BD112DDEF64D004C2D56 /* Exceptions for "SpareTrousers" folder in "SpareTrousers" target */ = {
			isa = PBXFileSystemSynchronizedBuildFileExceptionSet;
			membershipExceptions = (
				Info.plist,
			);
			target = 3FCF85482DDEC38200695E6B /* SpareTrousers */;
		};
		3FB3F98D2DF1648200DFDEC9 /* Exceptions for "Shared" folder in "SpareTrousersMac" target */ = {
			isa = PBXFileSystemSynchronizedBuildFileExceptionSet;
			membershipExceptions = (
				Model/CategoryItem.swift,
				Model/DisplayItem.swift,
				Model/InboxMessage.swift,
				Model/Tab.swift,
				Model/Transaction.swift,
				Model/UserSession.swift,
				Service/SeedingService.swift,
				Utils/AppColors.swift,
				ViewModel/AuthViewModel.swift,
				ViewModel/HomeViewModel.swift,
				ViewModel/InboxViewModel.swift,
				ViewModel/MyRentalsViewModel.swift,
			);
			target = 3FB3F9642DF162CC00DFDEC9 /* SpareTrousersMac */;
		};
		3FB3F9B62DF165E000DFDEC9 /* Exceptions for "Shared" folder in "SpareTrousersWatch Watch App" target */ = {
			isa = PBXFileSystemSynchronizedBuildFileExceptionSet;
			membershipExceptions = (
				Model/CategoryItem.swift,
				Model/DisplayItem.swift,
				Model/InboxMessage.swift,
				Model/Tab.swift,
				Model/Transaction.swift,
				Model/UserSession.swift,
				Service/SeedingService.swift,
				Utils/AppColors.swift,
				ViewModel/AuthViewModel.swift,
				ViewModel/HomeViewModel.swift,
				ViewModel/InboxViewModel.swift,
				ViewModel/MyRentalsViewModel.swift,
			);
			target = 3FB3F9A62DF1654B00DFDEC9 /* SpareTrousersWatch Watch App */;
		};
/* End PBXFileSystemSynchronizedBuildFileExceptionSet section */

/* Begin PBXFileSystemSynchronizedRootGroup section */
		3FB3F9662DF162CC00DFDEC9 /* SpareTrousersMac */ = {
			isa = PBXFileSystemSynchronizedRootGroup;
			path = SpareTrousersMac;
			sourceTree = "<group>";
		};
		3FB3F98A2DF1644000DFDEC9 /* Shared */ = {
			isa = PBXFileSystemSynchronizedRootGroup;
			exceptions = (
				3FB3F98D2DF1648200DFDEC9 /* Exceptions for "Shared" folder in "SpareTrousersMac" target */,
				3FB3F9B62DF165E000DFDEC9 /* Exceptions for "Shared" folder in "SpareTrousersWatch Watch App" target */,
			);
			path = Shared;
			sourceTree = "<group>";
		};
		3FB3F9A82DF1654B00DFDEC9 /* SpareTrousersWatch Watch App */ = {
			isa = PBXFileSystemSynchronizedRootGroup;
			path = "SpareTrousersWatch Watch App";
			sourceTree = "<group>";
		};
		3FCF854B2DDEC38200695E6B /* SpareTrousers */ = {
			isa = PBXFileSystemSynchronizedRootGroup;
			exceptions = (
				3FA3BD112DDEF64D004C2D56 /* Exceptions for "SpareTrousers" folder in "SpareTrousers" target */,
			);
			path = SpareTrousers;
			sourceTree = "<group>";
		};
		3FCF855C2DDEC38400695E6B /* SpareTrousersTests */ = {
			isa = PBXFileSystemSynchronizedRootGroup;
			path = SpareTrousersTests;
			sourceTree = "<group>";
		};
		3FCF85662DDEC38400695E6B /* SpareTrousersUITests */ = {
			isa = PBXFileSystemSynchronizedRootGroup;
			path = SpareTrousersUITests;
			sourceTree = "<group>";
		};
/* End PBXFileSystemSynchronizedRootGroup section */

/* Begin PBXFrameworksBuildPhase section */
		3FB3F9622DF162CC00DFDEC9 /* Frameworks */ = {
			isa = PBXFrameworksBuildPhase;
			buildActionMask = 2147483647;
			files = (
			);
			runOnlyForDeploymentPostprocessing = 0;
		};
		3FB3F9A42DF1654B00DFDEC9 /* Frameworks */ = {
			isa = PBXFrameworksBuildPhase;
			buildActionMask = 2147483647;
			files = (
				3FD57FFD2DF16FC900D26488 /* FirebaseDatabase in Frameworks */,
				3FD57FFB2DF16FC900D26488 /* FirebaseCore in Frameworks */,
				3FD57FF92DF16FC900D26488 /* FirebaseAuth in Frameworks */,
			);
			runOnlyForDeploymentPostprocessing = 0;
		};
		3FCF85462DDEC38200695E6B /* Frameworks */ = {
			isa = PBXFrameworksBuildPhase;
			buildActionMask = 2147483647;
			files = (
				3FADA5CA2DDED24F003A0900 /* FirebaseAppCheck in Frameworks */,
				3FADA5D02DDED24F003A0900 /* FirebaseCore in Frameworks */,
				3FADA5C82DDED24F003A0900 /* FirebaseAnalytics in Frameworks */,
				3FADA5D82DDED24F003A0900 /* FirebaseFunctions in Frameworks */,
				3FADA5D62DDED24F003A0900 /* FirebaseDynamicLinks in Frameworks */,
				3FADA5D22DDED24F003A0900 /* FirebaseCrashlytics in Frameworks */,
				3FADA5CC2DDED24F003A0900 /* FirebaseAppDistribution-Beta in Frameworks */,
				3FADA5D42DDED24F003A0900 /* FirebaseDatabase in Frameworks */,
				3FADA5CE2DDED24F003A0900 /* FirebaseAuth in Frameworks */,
				3FADA5DA2DDED24F003A0900 /* FirebaseInstallations in Frameworks */,
			);
			runOnlyForDeploymentPostprocessing = 0;
		};
		3FCF85562DDEC38400695E6B /* Frameworks */ = {
			isa = PBXFrameworksBuildPhase;
			buildActionMask = 2147483647;
			files = (
			);
			runOnlyForDeploymentPostprocessing = 0;
		};
		3FCF85602DDEC38400695E6B /* Frameworks */ = {
			isa = PBXFrameworksBuildPhase;
			buildActionMask = 2147483647;
			files = (
			);
			runOnlyForDeploymentPostprocessing = 0;
		};
/* End PBXFrameworksBuildPhase section */

/* Begin PBXGroup section */
		3FCF85402DDEC38200695E6B = {
			isa = PBXGroup;
			children = (
				3FB3F98A2DF1644000DFDEC9 /* Shared */,
				3FCF854B2DDEC38200695E6B /* SpareTrousers */,
				3FCF855C2DDEC38400695E6B /* SpareTrousersTests */,
				3FCF85662DDEC38400695E6B /* SpareTrousersUITests */,
				3FB3F9662DF162CC00DFDEC9 /* SpareTrousersMac */,
				3FB3F9A82DF1654B00DFDEC9 /* SpareTrousersWatch Watch App */,
				3FD57FF42DF16F7500D26488 /* Frameworks */,
				3FCF854A2DDEC38200695E6B /* Products */,
			);
			sourceTree = "<group>";
		};
		3FCF854A2DDEC38200695E6B /* Products */ = {
			isa = PBXGroup;
			children = (
				3FCF85492DDEC38200695E6B /* SpareTrousers.app */,
				3FCF85592DDEC38400695E6B /* SpareTrousersTests.xctest */,
				3FCF85632DDEC38400695E6B /* SpareTrousersUITests.xctest */,
				3FB3F9652DF162CC00DFDEC9 /* SpareTrousersMac.app */,
				3FB3F9A72DF1654B00DFDEC9 /* SpareTrousersWatch Watch App.app */,
			);
			name = Products;
			sourceTree = "<group>";
		};
		3FD57FF42DF16F7500D26488 /* Frameworks */ = {
			isa = PBXGroup;
			children = (
			);
			name = Frameworks;
			sourceTree = "<group>";
		};
/* End PBXGroup section */

/* Begin PBXNativeTarget section */
		3FB3F9642DF162CC00DFDEC9 /* SpareTrousersMac */ = {
			isa = PBXNativeTarget;
			buildConfigurationList = 3FB3F9732DF162CD00DFDEC9 /* Build configuration list for PBXNativeTarget "SpareTrousersMac" */;
			buildPhases = (
				3FB3F9612DF162CC00DFDEC9 /* Sources */,
				3FB3F9622DF162CC00DFDEC9 /* Frameworks */,
				3FB3F9632DF162CC00DFDEC9 /* Resources */,
			);
			buildRules = (
			);
			dependencies = (
			);
			fileSystemSynchronizedGroups = (
				3FB3F9662DF162CC00DFDEC9 /* SpareTrousersMac */,
			);
			name = SpareTrousersMac;
			packageProductDependencies = (
			);
			productName = SpareTrousersMac;
			productReference = 3FB3F9652DF162CC00DFDEC9 /* SpareTrousersMac.app */;
			productType = "com.apple.product-type.application";
		};
		3FB3F9A62DF1654B00DFDEC9 /* SpareTrousersWatch Watch App */ = {
			isa = PBXNativeTarget;
			buildConfigurationList = 3FB3F9B22DF1654C00DFDEC9 /* Build configuration list for PBXNativeTarget "SpareTrousersWatch Watch App" */;
			buildPhases = (
				3FB3F9A32DF1654B00DFDEC9 /* Sources */,
				3FB3F9A42DF1654B00DFDEC9 /* Frameworks */,
				3FB3F9A52DF1654B00DFDEC9 /* Resources */,
			);
			buildRules = (
			);
			dependencies = (
			);
			fileSystemSynchronizedGroups = (
				3FB3F9A82DF1654B00DFDEC9 /* SpareTrousersWatch Watch App */,
			);
			name = "SpareTrousersWatch Watch App";
			packageProductDependencies = (
				3FD57FF82DF16FC900D26488 /* FirebaseAuth */,
				3FD57FFA2DF16FC900D26488 /* FirebaseCore */,
				3FD57FFC2DF16FC900D26488 /* FirebaseDatabase */,
			);
			productName = "SpareTrousersWatch Watch App";
			productReference = 3FB3F9A72DF1654B00DFDEC9 /* SpareTrousersWatch Watch App.app */;
			productType = "com.apple.product-type.application";
		};
		3FCF85482DDEC38200695E6B /* SpareTrousers */ = {
			isa = PBXNativeTarget;
			buildConfigurationList = 3FCF856D2DDEC38400695E6B /* Build configuration list for PBXNativeTarget "SpareTrousers" */;
			buildPhases = (
				3FCF85452DDEC38200695E6B /* Sources */,
				3FCF85462DDEC38200695E6B /* Frameworks */,
				3FCF85472DDEC38200695E6B /* Resources */,
				3FB3F9892DF1634700DFDEC9 /* Embed Watch Content */,
			);
			buildRules = (
			);
			dependencies = (
				3FD57FF72DF16F7500D26488 /* PBXTargetDependency */,
			);
			fileSystemSynchronizedGroups = (
				3FB3F98A2DF1644000DFDEC9 /* Shared */,
				3FCF854B2DDEC38200695E6B /* SpareTrousers */,
			);
			name = SpareTrousers;
			packageProductDependencies = (
				3FADA5C72DDED24F003A0900 /* FirebaseAnalytics */,
				3FADA5C92DDED24F003A0900 /* FirebaseAppCheck */,
				3FADA5CB2DDED24F003A0900 /* FirebaseAppDistribution-Beta */,
				3FADA5CD2DDED24F003A0900 /* FirebaseAuth */,
				3FADA5CF2DDED24F003A0900 /* FirebaseCore */,
				3FADA5D12DDED24F003A0900 /* FirebaseCrashlytics */,
				3FADA5D32DDED24F003A0900 /* FirebaseDatabase */,
				3FADA5D52DDED24F003A0900 /* FirebaseDynamicLinks */,
				3FADA5D72DDED24F003A0900 /* FirebaseFunctions */,
				3FADA5D92DDED24F003A0900 /* FirebaseInstallations */,
			);
			productName = SpareTrousers;
			productReference = 3FCF85492DDEC38200695E6B /* SpareTrousers.app */;
			productType = "com.apple.product-type.application";
		};
		3FCF85582DDEC38400695E6B /* SpareTrousersTests */ = {
			isa = PBXNativeTarget;
			buildConfigurationList = 3FCF85702DDEC38400695E6B /* Build configuration list for PBXNativeTarget "SpareTrousersTests" */;
			buildPhases = (
				3FCF85552DDEC38400695E6B /* Sources */,
				3FCF85562DDEC38400695E6B /* Frameworks */,
				3FCF85572DDEC38400695E6B /* Resources */,
			);
			buildRules = (
			);
			dependencies = (
				3FCF855B2DDEC38400695E6B /* PBXTargetDependency */,
			);
			fileSystemSynchronizedGroups = (
				3FCF855C2DDEC38400695E6B /* SpareTrousersTests */,
			);
			name = SpareTrousersTests;
			packageProductDependencies = (
			);
			productName = SpareTrousersTests;
			productReference = 3FCF85592DDEC38400695E6B /* SpareTrousersTests.xctest */;
			productType = "com.apple.product-type.bundle.unit-test";
		};
		3FCF85622DDEC38400695E6B /* SpareTrousersUITests */ = {
			isa = PBXNativeTarget;
			buildConfigurationList = 3FCF85732DDEC38400695E6B /* Build configuration list for PBXNativeTarget "SpareTrousersUITests" */;
			buildPhases = (
				3FCF855F2DDEC38400695E6B /* Sources */,
				3FCF85602DDEC38400695E6B /* Frameworks */,
				3FCF85612DDEC38400695E6B /* Resources */,
			);
			buildRules = (
			);
			dependencies = (
				3FCF85652DDEC38400695E6B /* PBXTargetDependency */,
			);
			fileSystemSynchronizedGroups = (
				3FCF85662DDEC38400695E6B /* SpareTrousersUITests */,
			);
			name = SpareTrousersUITests;
			packageProductDependencies = (
			);
			productName = SpareTrousersUITests;
			productReference = 3FCF85632DDEC38400695E6B /* SpareTrousersUITests.xctest */;
			productType = "com.apple.product-type.bundle.ui-testing";
		};
/* End PBXNativeTarget section */

/* Begin PBXProject section */
		3FCF85412DDEC38200695E6B /* Project object */ = {
			isa = PBXProject;
			attributes = {
				BuildIndependentTargetsInParallel = 1;
				LastSwiftUpdateCheck = 1620;
				LastUpgradeCheck = 1620;
				TargetAttributes = {
					3FB3F9642DF162CC00DFDEC9 = {
						CreatedOnToolsVersion = 16.2;
					};
					3FB3F9A62DF1654B00DFDEC9 = {
						CreatedOnToolsVersion = 16.2;
					};
					3FCF85482DDEC38200695E6B = {
						CreatedOnToolsVersion = 16.2;
					};
					3FCF85582DDEC38400695E6B = {
						CreatedOnToolsVersion = 16.2;
						TestTargetID = 3FCF85482DDEC38200695E6B;
					};
					3FCF85622DDEC38400695E6B = {
						CreatedOnToolsVersion = 16.2;
						TestTargetID = 3FCF85482DDEC38200695E6B;
					};
				};
			};
			buildConfigurationList = 3FCF85442DDEC38200695E6B /* Build configuration list for PBXProject "SpareTrousers" */;
			developmentRegion = en;
			hasScannedForEncodings = 0;
			knownRegions = (
				en,
				Base,
			);
			mainGroup = 3FCF85402DDEC38200695E6B;
			minimizedProjectReferenceProxies = 1;
			packageReferences = (
				3FADA5C62DDED24F003A0900 /* XCRemoteSwiftPackageReference "firebase-ios-sdk" */,
			);
			preferredProjectObjectVersion = 77;
			productRefGroup = 3FCF854A2DDEC38200695E6B /* Products */;
			projectDirPath = "";
			projectRoot = "";
			targets = (
				3FCF85482DDEC38200695E6B /* SpareTrousers */,
				3FCF85582DDEC38400695E6B /* SpareTrousersTests */,
				3FCF85622DDEC38400695E6B /* SpareTrousersUITests */,
				3FB3F9642DF162CC00DFDEC9 /* SpareTrousersMac */,
				3FB3F9A62DF1654B00DFDEC9 /* SpareTrousersWatch Watch App */,
			);
		};
/* End PBXProject section */

/* Begin PBXResourcesBuildPhase section */
		3FB3F9632DF162CC00DFDEC9 /* Resources */ = {
			isa = PBXResourcesBuildPhase;
			buildActionMask = 2147483647;
			files = (
			);
			runOnlyForDeploymentPostprocessing = 0;
		};
		3FB3F9A52DF1654B00DFDEC9 /* Resources */ = {
			isa = PBXResourcesBuildPhase;
			buildActionMask = 2147483647;
			files = (
			);
			runOnlyForDeploymentPostprocessing = 0;
		};
		3FCF85472DDEC38200695E6B /* Resources */ = {
			isa = PBXResourcesBuildPhase;
			buildActionMask = 2147483647;
			files = (
			);
			runOnlyForDeploymentPostprocessing = 0;
		};
		3FCF85572DDEC38400695E6B /* Resources */ = {
			isa = PBXResourcesBuildPhase;
			buildActionMask = 2147483647;
			files = (
			);
			runOnlyForDeploymentPostprocessing = 0;
		};
		3FCF85612DDEC38400695E6B /* Resources */ = {
			isa = PBXResourcesBuildPhase;
			buildActionMask = 2147483647;
			files = (
			);
			runOnlyForDeploymentPostprocessing = 0;
		};
/* End PBXResourcesBuildPhase section */

/* Begin PBXSourcesBuildPhase section */
		3FB3F9612DF162CC00DFDEC9 /* Sources */ = {
			isa = PBXSourcesBuildPhase;
			buildActionMask = 2147483647;
			files = (
			);
			runOnlyForDeploymentPostprocessing = 0;
		};
		3FB3F9A32DF1654B00DFDEC9 /* Sources */ = {
			isa = PBXSourcesBuildPhase;
			buildActionMask = 2147483647;
			files = (
			);
			runOnlyForDeploymentPostprocessing = 0;
		};
		3FCF85452DDEC38200695E6B /* Sources */ = {
			isa = PBXSourcesBuildPhase;
			buildActionMask = 2147483647;
			files = (
			);
			runOnlyForDeploymentPostprocessing = 0;
		};
		3FCF85552DDEC38400695E6B /* Sources */ = {
			isa = PBXSourcesBuildPhase;
			buildActionMask = 2147483647;
			files = (
			);
			runOnlyForDeploymentPostprocessing = 0;
		};
		3FCF855F2DDEC38400695E6B /* Sources */ = {
			isa = PBXSourcesBuildPhase;
			buildActionMask = 2147483647;
			files = (
			);
			runOnlyForDeploymentPostprocessing = 0;
		};
/* End PBXSourcesBuildPhase section */

/* Begin PBXTargetDependency section */
		3FCF855B2DDEC38400695E6B /* PBXTargetDependency */ = {
			isa = PBXTargetDependency;
			target = 3FCF85482DDEC38200695E6B /* SpareTrousers */;
			targetProxy = 3FCF855A2DDEC38400695E6B /* PBXContainerItemProxy */;
		};
		3FCF85652DDEC38400695E6B /* PBXTargetDependency */ = {
			isa = PBXTargetDependency;
			target = 3FCF85482DDEC38200695E6B /* SpareTrousers */;
			targetProxy = 3FCF85642DDEC38400695E6B /* PBXContainerItemProxy */;
		};
		3FD57FF72DF16F7500D26488 /* PBXTargetDependency */ = {
			isa = PBXTargetDependency;
			target = 3FB3F9A62DF1654B00DFDEC9 /* SpareTrousersWatch Watch App */;
			targetProxy = 3FD57FF62DF16F7500D26488 /* PBXContainerItemProxy */;
		};
/* End PBXTargetDependency section */

/* Begin XCBuildConfiguration section */
		3FB3F9712DF162CD00DFDEC9 /* Debug */ = {
			isa = XCBuildConfiguration;
			buildSettings = {
				ASSETCATALOG_COMPILER_APPICON_NAME = AppIcon;
				ASSETCATALOG_COMPILER_GLOBAL_ACCENT_COLOR_NAME = AccentColor;
				CODE_SIGN_ENTITLEMENTS = SpareTrousersMac/SpareTrousersMac.entitlements;
				CODE_SIGN_STYLE = Automatic;
				COMBINE_HIDPI_IMAGES = YES;
				CURRENT_PROJECT_VERSION = 1;
				DEVELOPMENT_ASSET_PATHS = "\"SpareTrousersMac/Preview Content\"";
				ENABLE_PREVIEWS = YES;
				GENERATE_INFOPLIST_FILE = YES;
				INFOPLIST_KEY_NSHumanReadableCopyright = "";
				LD_RUNPATH_SEARCH_PATHS = (
					"$(inherited)",
					"@executable_path/../Frameworks",
				);
				MACOSX_DEPLOYMENT_TARGET = 15.2;
				MARKETING_VERSION = 1.0;
				PRODUCT_BUNDLE_IDENTIFIER = "El-Trio.SpareTrousersMac";
				PRODUCT_NAME = "$(TARGET_NAME)";
				SDKROOT = macosx;
				SWIFT_EMIT_LOC_STRINGS = YES;
				SWIFT_VERSION = 5.0;
			};
			name = Debug;
		};
		3FB3F9722DF162CD00DFDEC9 /* Release */ = {
			isa = XCBuildConfiguration;
			buildSettings = {
				ASSETCATALOG_COMPILER_APPICON_NAME = AppIcon;
				ASSETCATALOG_COMPILER_GLOBAL_ACCENT_COLOR_NAME = AccentColor;
				CODE_SIGN_ENTITLEMENTS = SpareTrousersMac/SpareTrousersMac.entitlements;
				CODE_SIGN_STYLE = Automatic;
				COMBINE_HIDPI_IMAGES = YES;
				CURRENT_PROJECT_VERSION = 1;
				DEVELOPMENT_ASSET_PATHS = "\"SpareTrousersMac/Preview Content\"";
				ENABLE_PREVIEWS = YES;
				GENERATE_INFOPLIST_FILE = YES;
				INFOPLIST_KEY_NSHumanReadableCopyright = "";
				LD_RUNPATH_SEARCH_PATHS = (
					"$(inherited)",
					"@executable_path/../Frameworks",
				);
				MACOSX_DEPLOYMENT_TARGET = 15.2;
				MARKETING_VERSION = 1.0;
				PRODUCT_BUNDLE_IDENTIFIER = "El-Trio.SpareTrousersMac";
				PRODUCT_NAME = "$(TARGET_NAME)";
				SDKROOT = macosx;
				SWIFT_EMIT_LOC_STRINGS = YES;
				SWIFT_VERSION = 5.0;
			};
			name = Release;
		};
		3FB3F9B32DF1654C00DFDEC9 /* Debug */ = {
			isa = XCBuildConfiguration;
			buildSettings = {
				ASSETCATALOG_COMPILER_APPICON_NAME = AppIcon;
				ASSETCATALOG_COMPILER_GLOBAL_ACCENT_COLOR_NAME = AccentColor;
				CODE_SIGN_STYLE = Automatic;
				CURRENT_PROJECT_VERSION = 1;
				DEVELOPMENT_ASSET_PATHS = "\"SpareTrousersWatch Watch App/Preview Content\"";
				ENABLE_PREVIEWS = YES;
				GENERATE_INFOPLIST_FILE = YES;
				INFOPLIST_KEY_CFBundleDisplayName = SpareTrousersWatch;
				INFOPLIST_KEY_UISupportedInterfaceOrientations = "UIInterfaceOrientationPortrait UIInterfaceOrientationPortraitUpsideDown";
				INFOPLIST_KEY_WKCompanionAppBundleIdentifier = "";
				LD_RUNPATH_SEARCH_PATHS = (
					"$(inherited)",
					"@executable_path/Frameworks",
				);
				MARKETING_VERSION = 1.0;
				PRODUCT_BUNDLE_IDENTIFIER = .watchkitapp;
				PRODUCT_NAME = "$(TARGET_NAME)";
				SDKROOT = watchos;
				SKIP_INSTALL = YES;
				SWIFT_EMIT_LOC_STRINGS = YES;
				SWIFT_VERSION = 5.0;
				TARGETED_DEVICE_FAMILY = 4;
				WATCHOS_DEPLOYMENT_TARGET = 11.2;
			};
			name = Debug;
		};
		3FB3F9B42DF1654C00DFDEC9 /* Release */ = {
			isa = XCBuildConfiguration;
			buildSettings = {
				ASSETCATALOG_COMPILER_APPICON_NAME = AppIcon;
				ASSETCATALOG_COMPILER_GLOBAL_ACCENT_COLOR_NAME = AccentColor;
				CODE_SIGN_STYLE = Automatic;
				CURRENT_PROJECT_VERSION = 1;
				DEVELOPMENT_ASSET_PATHS = "\"SpareTrousersWatch Watch App/Preview Content\"";
				ENABLE_PREVIEWS = YES;
				GENERATE_INFOPLIST_FILE = YES;
				INFOPLIST_KEY_CFBundleDisplayName = SpareTrousersWatch;
				INFOPLIST_KEY_UISupportedInterfaceOrientations = "UIInterfaceOrientationPortrait UIInterfaceOrientationPortraitUpsideDown";
				INFOPLIST_KEY_WKCompanionAppBundleIdentifier = "";
				LD_RUNPATH_SEARCH_PATHS = (
					"$(inherited)",
					"@executable_path/Frameworks",
				);
				MARKETING_VERSION = 1.0;
				PRODUCT_BUNDLE_IDENTIFIER = .watchkitapp;
				PRODUCT_NAME = "$(TARGET_NAME)";
				SDKROOT = watchos;
				SKIP_INSTALL = YES;
				SWIFT_EMIT_LOC_STRINGS = YES;
				SWIFT_VERSION = 5.0;
				TARGETED_DEVICE_FAMILY = 4;
				WATCHOS_DEPLOYMENT_TARGET = 11.2;
			};
			name = Release;
		};
		3FCF856B2DDEC38400695E6B /* Debug */ = {
			isa = XCBuildConfiguration;
			buildSettings = {
				ALWAYS_SEARCH_USER_PATHS = NO;
				ASSETCATALOG_COMPILER_GENERATE_SWIFT_ASSET_SYMBOL_EXTENSIONS = YES;
				CLANG_ANALYZER_NONNULL = YES;
				CLANG_ANALYZER_NUMBER_OBJECT_CONVERSION = YES_AGGRESSIVE;
				CLANG_CXX_LANGUAGE_STANDARD = "gnu++20";
				CLANG_ENABLE_MODULES = YES;
				CLANG_ENABLE_OBJC_ARC = YES;
				CLANG_ENABLE_OBJC_WEAK = YES;
				CLANG_WARN_BLOCK_CAPTURE_AUTORELEASING = YES;
				CLANG_WARN_BOOL_CONVERSION = YES;
				CLANG_WARN_COMMA = YES;
				CLANG_WARN_CONSTANT_CONVERSION = YES;
				CLANG_WARN_DEPRECATED_OBJC_IMPLEMENTATIONS = YES;
				CLANG_WARN_DIRECT_OBJC_ISA_USAGE = YES_ERROR;
				CLANG_WARN_DOCUMENTATION_COMMENTS = YES;
				CLANG_WARN_EMPTY_BODY = YES;
				CLANG_WARN_ENUM_CONVERSION = YES;
				CLANG_WARN_INFINITE_RECURSION = YES;
				CLANG_WARN_INT_CONVERSION = YES;
				CLANG_WARN_NON_LITERAL_NULL_CONVERSION = YES;
				CLANG_WARN_OBJC_IMPLICIT_RETAIN_SELF = YES;
				CLANG_WARN_OBJC_LITERAL_CONVERSION = YES;
				CLANG_WARN_OBJC_ROOT_CLASS = YES_ERROR;
				CLANG_WARN_QUOTED_INCLUDE_IN_FRAMEWORK_HEADER = YES;
				CLANG_WARN_RANGE_LOOP_ANALYSIS = YES;
				CLANG_WARN_STRICT_PROTOTYPES = YES;
				CLANG_WARN_SUSPICIOUS_MOVE = YES;
				CLANG_WARN_UNGUARDED_AVAILABILITY = YES_AGGRESSIVE;
				CLANG_WARN_UNREACHABLE_CODE = YES;
				CLANG_WARN__DUPLICATE_METHOD_MATCH = YES;
				COPY_PHASE_STRIP = NO;
				DEBUG_INFORMATION_FORMAT = dwarf;
				ENABLE_STRICT_OBJC_MSGSEND = YES;
				ENABLE_TESTABILITY = YES;
				ENABLE_USER_SCRIPT_SANDBOXING = YES;
				GCC_C_LANGUAGE_STANDARD = gnu17;
				GCC_DYNAMIC_NO_PIC = NO;
				GCC_NO_COMMON_BLOCKS = YES;
				GCC_OPTIMIZATION_LEVEL = 0;
				GCC_PREPROCESSOR_DEFINITIONS = (
					"DEBUG=1",
					"$(inherited)",
				);
				GCC_WARN_64_TO_32_BIT_CONVERSION = YES;
				GCC_WARN_ABOUT_RETURN_TYPE = YES_ERROR;
				GCC_WARN_UNDECLARED_SELECTOR = YES;
				GCC_WARN_UNINITIALIZED_AUTOS = YES_AGGRESSIVE;
				GCC_WARN_UNUSED_FUNCTION = YES;
				GCC_WARN_UNUSED_VARIABLE = YES;
				IPHONEOS_DEPLOYMENT_TARGET = 18.2;
				LOCALIZATION_PREFERS_STRING_CATALOGS = YES;
				MTL_ENABLE_DEBUG_INFO = INCLUDE_SOURCE;
				MTL_FAST_MATH = YES;
				ONLY_ACTIVE_ARCH = YES;
				SDKROOT = iphoneos;
				SWIFT_ACTIVE_COMPILATION_CONDITIONS = "DEBUG $(inherited)";
				SWIFT_OPTIMIZATION_LEVEL = "-Onone";
			};
			name = Debug;
		};
		3FCF856C2DDEC38400695E6B /* Release */ = {
			isa = XCBuildConfiguration;
			buildSettings = {
				ALWAYS_SEARCH_USER_PATHS = NO;
				ASSETCATALOG_COMPILER_GENERATE_SWIFT_ASSET_SYMBOL_EXTENSIONS = YES;
				CLANG_ANALYZER_NONNULL = YES;
				CLANG_ANALYZER_NUMBER_OBJECT_CONVERSION = YES_AGGRESSIVE;
				CLANG_CXX_LANGUAGE_STANDARD = "gnu++20";
				CLANG_ENABLE_MODULES = YES;
				CLANG_ENABLE_OBJC_ARC = YES;
				CLANG_ENABLE_OBJC_WEAK = YES;
				CLANG_WARN_BLOCK_CAPTURE_AUTORELEASING = YES;
				CLANG_WARN_BOOL_CONVERSION = YES;
				CLANG_WARN_COMMA = YES;
				CLANG_WARN_CONSTANT_CONVERSION = YES;
				CLANG_WARN_DEPRECATED_OBJC_IMPLEMENTATIONS = YES;
				CLANG_WARN_DIRECT_OBJC_ISA_USAGE = YES_ERROR;
				CLANG_WARN_DOCUMENTATION_COMMENTS = YES;
				CLANG_WARN_EMPTY_BODY = YES;
				CLANG_WARN_ENUM_CONVERSION = YES;
				CLANG_WARN_INFINITE_RECURSION = YES;
				CLANG_WARN_INT_CONVERSION = YES;
				CLANG_WARN_NON_LITERAL_NULL_CONVERSION = YES;
				CLANG_WARN_OBJC_IMPLICIT_RETAIN_SELF = YES;
				CLANG_WARN_OBJC_LITERAL_CONVERSION = YES;
				CLANG_WARN_OBJC_ROOT_CLASS = YES_ERROR;
				CLANG_WARN_QUOTED_INCLUDE_IN_FRAMEWORK_HEADER = YES;
				CLANG_WARN_RANGE_LOOP_ANALYSIS = YES;
				CLANG_WARN_STRICT_PROTOTYPES = YES;
				CLANG_WARN_SUSPICIOUS_MOVE = YES;
				CLANG_WARN_UNGUARDED_AVAILABILITY = YES_AGGRESSIVE;
				CLANG_WARN_UNREACHABLE_CODE = YES;
				CLANG_WARN__DUPLICATE_METHOD_MATCH = YES;
				COPY_PHASE_STRIP = NO;
				DEBUG_INFORMATION_FORMAT = "dwarf-with-dsym";
				ENABLE_NS_ASSERTIONS = NO;
				ENABLE_STRICT_OBJC_MSGSEND = YES;
				ENABLE_USER_SCRIPT_SANDBOXING = YES;
				GCC_C_LANGUAGE_STANDARD = gnu17;
				GCC_NO_COMMON_BLOCKS = YES;
				GCC_WARN_64_TO_32_BIT_CONVERSION = YES;
				GCC_WARN_ABOUT_RETURN_TYPE = YES_ERROR;
				GCC_WARN_UNDECLARED_SELECTOR = YES;
				GCC_WARN_UNINITIALIZED_AUTOS = YES_AGGRESSIVE;
				GCC_WARN_UNUSED_FUNCTION = YES;
				GCC_WARN_UNUSED_VARIABLE = YES;
				IPHONEOS_DEPLOYMENT_TARGET = 18.2;
				LOCALIZATION_PREFERS_STRING_CATALOGS = YES;
				MTL_ENABLE_DEBUG_INFO = NO;
				MTL_FAST_MATH = YES;
				SDKROOT = iphoneos;
				SWIFT_COMPILATION_MODE = wholemodule;
				VALIDATE_PRODUCT = YES;
			};
			name = Release;
		};
		3FCF856E2DDEC38400695E6B /* Debug */ = {
			isa = XCBuildConfiguration;
			buildSettings = {
				ASSETCATALOG_COMPILER_APPICON_NAME = AppIcon;
				ASSETCATALOG_COMPILER_GLOBAL_ACCENT_COLOR_NAME = AccentColor;
				CODE_SIGN_STYLE = Automatic;
				CURRENT_PROJECT_VERSION = 1;
				DEVELOPMENT_ASSET_PATHS = "\"SpareTrousers/Preview Content\"";
				ENABLE_PREVIEWS = YES;
				GENERATE_INFOPLIST_FILE = YES;
				INFOPLIST_FILE = SpareTrousers/Info.plist;
				INFOPLIST_KEY_UIApplicationSceneManifest_Generation = YES;
				INFOPLIST_KEY_UIApplicationSupportsIndirectInputEvents = YES;
				INFOPLIST_KEY_UILaunchScreen_Generation = YES;
				INFOPLIST_KEY_UISupportedInterfaceOrientations_iPad = "UIInterfaceOrientationPortrait UIInterfaceOrientationPortraitUpsideDown UIInterfaceOrientationLandscapeLeft UIInterfaceOrientationLandscapeRight";
				INFOPLIST_KEY_UISupportedInterfaceOrientations_iPhone = "UIInterfaceOrientationPortrait UIInterfaceOrientationLandscapeLeft UIInterfaceOrientationLandscapeRight";
				LD_RUNPATH_SEARCH_PATHS = (
					"$(inherited)",
					"@executable_path/Frameworks",
				);
				MARKETING_VERSION = 1.0;
				PRODUCT_BUNDLE_IDENTIFIER = "El-Trio.SpareTrousers";
				PRODUCT_NAME = "$(TARGET_NAME)";
				SWIFT_EMIT_LOC_STRINGS = YES;
				SWIFT_VERSION = 5.0;
				TARGETED_DEVICE_FAMILY = "1,2";
			};
			name = Debug;
		};
		3FCF856F2DDEC38400695E6B /* Release */ = {
			isa = XCBuildConfiguration;
			buildSettings = {
				ASSETCATALOG_COMPILER_APPICON_NAME = AppIcon;
				ASSETCATALOG_COMPILER_GLOBAL_ACCENT_COLOR_NAME = AccentColor;
				CODE_SIGN_STYLE = Automatic;
				CURRENT_PROJECT_VERSION = 1;
				DEVELOPMENT_ASSET_PATHS = "\"SpareTrousers/Preview Content\"";
				ENABLE_PREVIEWS = YES;
				GENERATE_INFOPLIST_FILE = YES;
				INFOPLIST_FILE = SpareTrousers/Info.plist;
				INFOPLIST_KEY_UIApplicationSceneManifest_Generation = YES;
				INFOPLIST_KEY_UIApplicationSupportsIndirectInputEvents = YES;
				INFOPLIST_KEY_UILaunchScreen_Generation = YES;
				INFOPLIST_KEY_UISupportedInterfaceOrientations_iPad = "UIInterfaceOrientationPortrait UIInterfaceOrientationPortraitUpsideDown UIInterfaceOrientationLandscapeLeft UIInterfaceOrientationLandscapeRight";
				INFOPLIST_KEY_UISupportedInterfaceOrientations_iPhone = "UIInterfaceOrientationPortrait UIInterfaceOrientationLandscapeLeft UIInterfaceOrientationLandscapeRight";
				LD_RUNPATH_SEARCH_PATHS = (
					"$(inherited)",
					"@executable_path/Frameworks",
				);
				MARKETING_VERSION = 1.0;
				PRODUCT_BUNDLE_IDENTIFIER = "El-Trio.SpareTrousers";
				PRODUCT_NAME = "$(TARGET_NAME)";
				SWIFT_EMIT_LOC_STRINGS = YES;
				SWIFT_VERSION = 5.0;
				TARGETED_DEVICE_FAMILY = "1,2";
			};
			name = Release;
		};
		3FCF85712DDEC38400695E6B /* Debug */ = {
			isa = XCBuildConfiguration;
			buildSettings = {
				BUNDLE_LOADER = "$(TEST_HOST)";
				CODE_SIGN_STYLE = Automatic;
				CURRENT_PROJECT_VERSION = 1;
				GENERATE_INFOPLIST_FILE = YES;
				IPHONEOS_DEPLOYMENT_TARGET = 18.2;
				MARKETING_VERSION = 1.0;
				PRODUCT_BUNDLE_IDENTIFIER = "El-Trio.SpareTrousersTests";
				PRODUCT_NAME = "$(TARGET_NAME)";
				SWIFT_EMIT_LOC_STRINGS = NO;
				SWIFT_VERSION = 5.0;
				TARGETED_DEVICE_FAMILY = "1,2";
				TEST_HOST = "$(BUILT_PRODUCTS_DIR)/SpareTrousers.app/$(BUNDLE_EXECUTABLE_FOLDER_PATH)/SpareTrousers";
			};
			name = Debug;
		};
		3FCF85722DDEC38400695E6B /* Release */ = {
			isa = XCBuildConfiguration;
			buildSettings = {
				BUNDLE_LOADER = "$(TEST_HOST)";
				CODE_SIGN_STYLE = Automatic;
				CURRENT_PROJECT_VERSION = 1;
				GENERATE_INFOPLIST_FILE = YES;
				IPHONEOS_DEPLOYMENT_TARGET = 18.2;
				MARKETING_VERSION = 1.0;
				PRODUCT_BUNDLE_IDENTIFIER = "El-Trio.SpareTrousersTests";
				PRODUCT_NAME = "$(TARGET_NAME)";
				SWIFT_EMIT_LOC_STRINGS = NO;
				SWIFT_VERSION = 5.0;
				TARGETED_DEVICE_FAMILY = "1,2";
				TEST_HOST = "$(BUILT_PRODUCTS_DIR)/SpareTrousers.app/$(BUNDLE_EXECUTABLE_FOLDER_PATH)/SpareTrousers";
			};
			name = Release;
		};
		3FCF85742DDEC38400695E6B /* Debug */ = {
			isa = XCBuildConfiguration;
			buildSettings = {
				CODE_SIGN_STYLE = Automatic;
				CURRENT_PROJECT_VERSION = 1;
				GENERATE_INFOPLIST_FILE = YES;
				MARKETING_VERSION = 1.0;
				PRODUCT_BUNDLE_IDENTIFIER = "El-Trio.SpareTrousersUITests";
				PRODUCT_NAME = "$(TARGET_NAME)";
				SWIFT_EMIT_LOC_STRINGS = NO;
				SWIFT_VERSION = 5.0;
				TARGETED_DEVICE_FAMILY = "1,2";
				TEST_TARGET_NAME = SpareTrousers;
			};
			name = Debug;
		};
		3FCF85752DDEC38400695E6B /* Release */ = {
			isa = XCBuildConfiguration;
			buildSettings = {
				CODE_SIGN_STYLE = Automatic;
				CURRENT_PROJECT_VERSION = 1;
				GENERATE_INFOPLIST_FILE = YES;
				MARKETING_VERSION = 1.0;
				PRODUCT_BUNDLE_IDENTIFIER = "El-Trio.SpareTrousersUITests";
				PRODUCT_NAME = "$(TARGET_NAME)";
				SWIFT_EMIT_LOC_STRINGS = NO;
				SWIFT_VERSION = 5.0;
				TARGETED_DEVICE_FAMILY = "1,2";
				TEST_TARGET_NAME = SpareTrousers;
			};
			name = Release;
		};
/* End XCBuildConfiguration section */

/* Begin XCConfigurationList section */
		3FB3F9732DF162CD00DFDEC9 /* Build configuration list for PBXNativeTarget "SpareTrousersMac" */ = {
			isa = XCConfigurationList;
			buildConfigurations = (
				3FB3F9712DF162CD00DFDEC9 /* Debug */,
				3FB3F9722DF162CD00DFDEC9 /* Release */,
			);
			defaultConfigurationIsVisible = 0;
			defaultConfigurationName = Release;
		};
		3FB3F9B22DF1654C00DFDEC9 /* Build configuration list for PBXNativeTarget "SpareTrousersWatch Watch App" */ = {
			isa = XCConfigurationList;
			buildConfigurations = (
				3FB3F9B32DF1654C00DFDEC9 /* Debug */,
				3FB3F9B42DF1654C00DFDEC9 /* Release */,
			);
			defaultConfigurationIsVisible = 0;
			defaultConfigurationName = Release;
		};
		3FCF85442DDEC38200695E6B /* Build configuration list for PBXProject "SpareTrousers" */ = {
			isa = XCConfigurationList;
			buildConfigurations = (
				3FCF856B2DDEC38400695E6B /* Debug */,
				3FCF856C2DDEC38400695E6B /* Release */,
			);
			defaultConfigurationIsVisible = 0;
			defaultConfigurationName = Release;
		};
		3FCF856D2DDEC38400695E6B /* Build configuration list for PBXNativeTarget "SpareTrousers" */ = {
			isa = XCConfigurationList;
			buildConfigurations = (
				3FCF856E2DDEC38400695E6B /* Debug */,
				3FCF856F2DDEC38400695E6B /* Release */,
			);
			defaultConfigurationIsVisible = 0;
			defaultConfigurationName = Release;
		};
		3FCF85702DDEC38400695E6B /* Build configuration list for PBXNativeTarget "SpareTrousersTests" */ = {
			isa = XCConfigurationList;
			buildConfigurations = (
				3FCF85712DDEC38400695E6B /* Debug */,
				3FCF85722DDEC38400695E6B /* Release */,
			);
			defaultConfigurationIsVisible = 0;
			defaultConfigurationName = Release;
		};
		3FCF85732DDEC38400695E6B /* Build configuration list for PBXNativeTarget "SpareTrousersUITests" */ = {
			isa = XCConfigurationList;
			buildConfigurations = (
				3FCF85742DDEC38400695E6B /* Debug */,
				3FCF85752DDEC38400695E6B /* Release */,
			);
			defaultConfigurationIsVisible = 0;
			defaultConfigurationName = Release;
		};
/* End XCConfigurationList section */

/* Begin XCRemoteSwiftPackageReference section */
		3FADA5C62DDED24F003A0900 /* XCRemoteSwiftPackageReference "firebase-ios-sdk" */ = {
			isa = XCRemoteSwiftPackageReference;
			repositoryURL = "https://github.com/firebase/firebase-ios-sdk";
			requirement = {
				kind = upToNextMajorVersion;
				minimumVersion = 11.13.0;
			};
		};
/* End XCRemoteSwiftPackageReference section */

/* Begin XCSwiftPackageProductDependency section */
		3FADA5C72DDED24F003A0900 /* FirebaseAnalytics */ = {
			isa = XCSwiftPackageProductDependency;
			package = 3FADA5C62DDED24F003A0900 /* XCRemoteSwiftPackageReference "firebase-ios-sdk" */;
			productName = FirebaseAnalytics;
		};
		3FADA5C92DDED24F003A0900 /* FirebaseAppCheck */ = {
			isa = XCSwiftPackageProductDependency;
			package = 3FADA5C62DDED24F003A0900 /* XCRemoteSwiftPackageReference "firebase-ios-sdk" */;
			productName = FirebaseAppCheck;
		};
		3FADA5CB2DDED24F003A0900 /* FirebaseAppDistribution-Beta */ = {
			isa = XCSwiftPackageProductDependency;
			package = 3FADA5C62DDED24F003A0900 /* XCRemoteSwiftPackageReference "firebase-ios-sdk" */;
			productName = "FirebaseAppDistribution-Beta";
		};
		3FADA5CD2DDED24F003A0900 /* FirebaseAuth */ = {
			isa = XCSwiftPackageProductDependency;
			package = 3FADA5C62DDED24F003A0900 /* XCRemoteSwiftPackageReference "firebase-ios-sdk" */;
			productName = FirebaseAuth;
		};
		3FADA5CF2DDED24F003A0900 /* FirebaseCore */ = {
			isa = XCSwiftPackageProductDependency;
			package = 3FADA5C62DDED24F003A0900 /* XCRemoteSwiftPackageReference "firebase-ios-sdk" */;
			productName = FirebaseCore;
		};
		3FADA5D12DDED24F003A0900 /* FirebaseCrashlytics */ = {
			isa = XCSwiftPackageProductDependency;
			package = 3FADA5C62DDED24F003A0900 /* XCRemoteSwiftPackageReference "firebase-ios-sdk" */;
			productName = FirebaseCrashlytics;
		};
		3FADA5D32DDED24F003A0900 /* FirebaseDatabase */ = {
			isa = XCSwiftPackageProductDependency;
			package = 3FADA5C62DDED24F003A0900 /* XCRemoteSwiftPackageReference "firebase-ios-sdk" */;
			productName = FirebaseDatabase;
		};
		3FADA5D52DDED24F003A0900 /* FirebaseDynamicLinks */ = {
			isa = XCSwiftPackageProductDependency;
			package = 3FADA5C62DDED24F003A0900 /* XCRemoteSwiftPackageReference "firebase-ios-sdk" */;
			productName = FirebaseDynamicLinks;
		};
		3FADA5D72DDED24F003A0900 /* FirebaseFunctions */ = {
			isa = XCSwiftPackageProductDependency;
			package = 3FADA5C62DDED24F003A0900 /* XCRemoteSwiftPackageReference "firebase-ios-sdk" */;
			productName = FirebaseFunctions;
		};
		3FADA5D92DDED24F003A0900 /* FirebaseInstallations */ = {
			isa = XCSwiftPackageProductDependency;
			package = 3FADA5C62DDED24F003A0900 /* XCRemoteSwiftPackageReference "firebase-ios-sdk" */;
			productName = FirebaseInstallations;
		};
		3FD57FF82DF16FC900D26488 /* FirebaseAuth */ = {
			isa = XCSwiftPackageProductDependency;
			package = 3FADA5C62DDED24F003A0900 /* XCRemoteSwiftPackageReference "firebase-ios-sdk" */;
			productName = FirebaseAuth;
		};
		3FD57FFA2DF16FC900D26488 /* FirebaseCore */ = {
			isa = XCSwiftPackageProductDependency;
			package = 3FADA5C62DDED24F003A0900 /* XCRemoteSwiftPackageReference "firebase-ios-sdk" */;
			productName = FirebaseCore;
		};
		3FD57FFC2DF16FC900D26488 /* FirebaseDatabase */ = {
			isa = XCSwiftPackageProductDependency;
			package = 3FADA5C62DDED24F003A0900 /* XCRemoteSwiftPackageReference "firebase-ios-sdk" */;
			productName = FirebaseDatabase;
		};
/* End XCSwiftPackageProductDependency section */
	};
	rootObject = 3FCF85412DDEC38200695E6B /* Project object */;
}
